
Microsoft Visual Studio Solution File, Format Version 12.00
Project("{FAE04EC0-301F-11D3-BF4B-00C04F79EFBC}") = "IlnarApp.Domain", "IlnarApp.Domain\IlnarApp.Domain.csproj", "{0DA85442-C43C-4ACC-A611-ADF74F04DE66}"
EndProject
Project("{FAE04EC0-301F-11D3-BF4B-00C04F79EFBC}") = "IlnarApp.Infrastructure", "IlnarApp.Infrastructure\IlnarApp.Infrastructure.csproj", "{36DE11E1-EEF8-41B8-94B6-7D4A64782709}"
EndProject
Project("{FAE04EC0-301F-11D3-BF4B-00C04F79EFBC}") = "IlnarApp.Application", "IlnarApp.Application\IlnarApp.Application.csproj", "{8071108F-55B6-4B2F-8A02-2BB02CFB3ECA}"
EndProject
Project("{FAE04EC0-301F-11D3-BF4B-00C04F79EFBC}") = "IlnarApp.Api", "IlnarApp.Api\IlnarApp.Api.csproj", "{C6ADC9FB-C238-4003-AB65-2CBF2E30CBA6}"
EndProject
Global
	GlobalSection(SolutionConfigurationPlatforms) = preSolution
		Debug|Any CPU = Debug|Any CPU
		Release|Any CPU = Release|Any CPU
	EndGlobalSection
	GlobalSection(ProjectConfigurationPlatforms) = postSolution
		{0DA85442-C43C-4ACC-A611-ADF74F04DE66}.Debug|Any CPU.ActiveCfg = Debug|Any CPU
		{0DA85442-C43C-4ACC-A611-ADF74F04DE66}.Debug|Any CPU.Build.0 = Debug|Any CPU
		{0DA85442-C43C-4ACC-A611-ADF74F04DE66}.Release|Any CPU.ActiveCfg = Release|Any CPU
		{0DA85442-C43C-4ACC-A611-ADF74F04DE66}.Release|Any CPU.Build.0 = Release|Any CPU
		{36DE11E1-EEF8-41B8-94B6-7D4A64782709}.Debug|Any CPU.ActiveCfg = Debug|Any CPU
		{36DE11E1-EEF8-41B8-94B6-7D4A64782709}.Debug|Any CPU.Build.0 = Debug|Any CPU
		{36DE11E1-EEF8-41B8-94B6-7D4A64782709}.Release|Any CPU.ActiveCfg = Release|Any CPU
		{36DE11E1-EEF8-41B8-94B6-7D4A64782709}.Release|Any CPU.Build.0 = Release|Any CPU
		{8071108F-55B6-4B2F-8A02-2BB02CFB3ECA}.Debug|Any CPU.ActiveCfg = Debug|Any CPU
		{8071108F-55B6-4B2F-8A02-2BB02CFB3ECA}.Debug|Any CPU.Build.0 = Debug|Any CPU
		{8071108F-55B6-4B2F-8A02-2BB02CFB3ECA}.Release|Any CPU.ActiveCfg = Release|Any CPU
		{8071108F-55B6-4B2F-8A02-2BB02CFB3ECA}.Release|Any CPU.Build.0 = Release|Any CPU
		{C6ADC9FB-C238-4003-AB65-2CBF2E30CBA6}.Debug|Any CPU.ActiveCfg = Debug|Any CPU
		{C6ADC9FB-C238-4003-AB65-2CBF2E30CBA6}.Debug|Any CPU.Build.0 = Debug|Any CPU
		{C6ADC9FB-C238-4003-AB65-2CBF2E30CBA6}.Release|Any CPU.ActiveCfg = Release|Any CPU
		{C6ADC9FB-C238-4003-AB65-2CBF2E30CBA6}.Release|Any CPU.Build.0 = Release|Any CPU
	EndGlobalSection
EndGlobal
